
Microsoft Visual Studio Solution File, Format Version 12.00
# Visual Studio Version 16
VisualStudioVersion = 16.0.32630.194
MinimumVisualStudioVersion = 10.0.40219.1
Project("{8BC9CEB8-8B4A-11D0-8D11-00A0C91BC942}") = "PCD2ASGMT", "PCD2ASGMT\PCD2ASGMT.vcxproj", "{8BD3CF1E-67B5-4D84-8CED-20F27FB5D31F}"
EndProject
Global
	GlobalSection(SolutionConfigurationPlatforms) = preSolution
		Debug|x64 = Debug|x64
		Debug|x86 = Debug|x86
		Release|x64 = Release|x64
		Release|x86 = Release|x86
	EndGlobalSection
	GlobalSection(ProjectConfigurationPlatforms) = postSolution
		{8BD3CF1E-67B5-4D84-8CED-20F27FB5D31F}.Debug|x64.ActiveCfg = Debug|x64
		{8BD3CF1E-67B5-4D84-8CED-20F27FB5D31F}.Debug|x64.Build.0 = Debug|x64
		{8BD3CF1E-67B5-4D84-8CED-20F27FB5D31F}.Debug|x86.ActiveCfg = Debug|Win32
		{8BD3CF1E-67B5-4D84-8CED-20F27FB5D31F}.Debug|x86.Build.0 = Debug|Win32
		{8BD3CF1E-67B5-4D84-8CED-20F27FB5D31F}.Release|x64.ActiveCfg = Release|x64
		{8BD3CF1E-67B5-4D84-8CED-20F27FB5D31F}.Release|x64.Build.0 = Release|x64
		{8BD3CF1E-67B5-4D84-8CED-20F27FB5D31F}.Release|x86.ActiveCfg = Release|Win32
		{8BD3CF1E-67B5-4D84-8CED-20F27FB5D31F}.Release|x86.Build.0 = Release|Win32
	EndGlobalSection
	GlobalSection(SolutionProperties) = preSolution
		HideSolutionNode = FALSE
	EndGlobalSection
	GlobalSection(ExtensibilityGlobals) = postSolution
		SolutionGuid = {2819765B-E6EF-4DE1-BF15-107F608A4991}
	EndGlobalSection
EndGlobal
